schema: '2.0'
stages:
  data_ingestion:
    cmd: python src/data/data_ingestion.py
    deps:
    - path: src/data/data_ingestion.py
      hash: md5
      md5: cd8b1a80897ee0e7dc9cf030e91c4aa7
      size: 3383
    params:
      params.yaml:
        data_ingestion.test_size: 0.2
    outs:
    - path: data/raw
      hash: md5
      md5: f3154e78b81bd3146418d95adfe640e8.dir
      size: 1006158
      nfiles: 2
  data_preprocessing:
    cmd: python src/data/data_preprocessing.py
    deps:
    - path: data/raw
      hash: md5
      md5: f3154e78b81bd3146418d95adfe640e8.dir
      size: 1006158
      nfiles: 2
    - path: src/data/data_preprocessing.py
      hash: md5
      md5: f769cebabcd5fdd023d6a21bd471719b
      size: 2973
    outs:
    - path: data/processed
      hash: md5
      md5: cf7a1681e05e2725f662a7c2b3337152.dir
      size: 686113
      nfiles: 2
  feature_engineering:
    cmd: python src/features/feature_engineering.py
    deps:
    - path: data/processed
      hash: md5
      md5: cf7a1681e05e2725f662a7c2b3337152.dir
      size: 686113
      nfiles: 2
    - path: src/features/feature_engineering.py
      hash: md5
      md5: 010bf9c284b954e18fc5b74c4d1fa9b2
      size: 2408
    params:
      params.yaml:
        feature_engineering.max_features: 500
    outs:
    - path: data/features
      hash: md5
      md5: 420eb76c798f3a1f2cad9b4939befc89.dir
      size: 13848203
      nfiles: 2
  model_building:
    cmd: python src/models/model_building.py
    deps:
    - path: data/features
      hash: md5
      md5: 420eb76c798f3a1f2cad9b4939befc89.dir
      size: 13848203
      nfiles: 2
    - path: src/models/model_building.py
      hash: md5
      md5: 75aba0cef720453227a55dd915ea94e0
      size: 1377
    params:
      params.yaml:
        model_building.learning_rate: 0.1
        model_building.n_estimators: 100
    outs:
    - path: models/model.pkl
      hash: md5
      md5: 3125ba68e5163900a130f6e024531cfd
      size: 135276
  model_evaluation:
    cmd: python src/models/model_evaluation.py
    deps:
    - path: data/features
      hash: md5
      md5: 420eb76c798f3a1f2cad9b4939befc89.dir
      size: 13848203
      nfiles: 2
    - path: models/model.pkl
      hash: md5
      md5: 3125ba68e5163900a130f6e024531cfd
      size: 135276
    - path: src/models/model_evaluation.py
      hash: md5
      md5: f80de2788b711391e81e16511ff1c361
      size: 1999
    outs:
    - path: metrics.json
      hash: md5
      md5: edd8358eecc852858a3b4f164f9d4a4c
      size: 144
